
Microsoft Visual Studio Solution File, Format Version 12.00
# Visual Studio Version 16
VisualStudioVersion = 16.0.30204.135
MinimumVisualStudioVersion = 10.0.40219.1
Project("{FAE04EC0-301F-11D3-BF4B-00C04F79EFBC}") = "Domain", "Domain\Domain.csproj", "{A81BBFE7-981D-41E1-A86D-36620B7DCB2D}"
EndProject
Project("{FAE04EC0-301F-11D3-BF4B-00C04F79EFBC}") = "Repository", "Repository\Repository.csproj", "{F995AE57-695F-4412-B6B4-A608F7B13D80}"
EndProject
Project("{FAE04EC0-301F-11D3-BF4B-00C04F79EFBC}") = "Tests", "Tests\Tests.csproj", "{357FB2C3-EFDB-4636-A718-28956A78D4AE}"
EndProject
Project("{FAE04EC0-301F-11D3-BF4B-00C04F79EFBC}") = "App.Console", "App.Console\App.Console.csproj", "{61E51A84-BF48-4131-987B-ACCE0219984B}"
EndProject
Project("{2150E333-8FDC-42A3-9474-1A3956D46DE8}") = "1 - Presentation", "1 - Presentation", "{B32E6FA3-7C33-4984-9F5C-21FE3EFC98F4}"
EndProject
Project("{2150E333-8FDC-42A3-9474-1A3956D46DE8}") = "2 - Services", "2 - Services", "{EB79B504-7269-49A6-9513-0F8782C5D0D5}"
EndProject
Project("{2150E333-8FDC-42A3-9474-1A3956D46DE8}") = "3 - Application", "3 - Application", "{FDC9A358-08CD-4F18-A1DA-B7919C6062F8}"
EndProject
Project("{2150E333-8FDC-42A3-9474-1A3956D46DE8}") = "4 - Domain", "4 - Domain", "{C4B6BD12-EEFE-44EB-A674-CFB6D0D05F68}"
EndProject
Project("{2150E333-8FDC-42A3-9474-1A3956D46DE8}") = "5 - Infrastructure", "5 - Infrastructure", "{AF63699D-FED2-46CA-A295-80BED0B43CC2}"
EndProject
Project("{2150E333-8FDC-42A3-9474-1A3956D46DE8}") = "5.1 - Data", "5.1 - Data", "{DCCDCD25-B432-4754-A92F-3A7204FA6B9F}"
EndProject
Project("{2150E333-8FDC-42A3-9474-1A3956D46DE8}") = "5.2 - CrossCutting", "5.2 - CrossCutting", "{1F3F40D2-ACCD-4D9C-BBE8-CA97AA76EC86}"
EndProject
Project("{2150E333-8FDC-42A3-9474-1A3956D46DE8}") = "Test", "Test", "{2472ACC6-F49E-411A-80CB-49B218F37EC1}"
EndProject
Global
	GlobalSection(SolutionConfigurationPlatforms) = preSolution
		Debug|Any CPU = Debug|Any CPU
		Release|Any CPU = Release|Any CPU
	EndGlobalSection
	GlobalSection(ProjectConfigurationPlatforms) = postSolution
		{A81BBFE7-981D-41E1-A86D-36620B7DCB2D}.Debug|Any CPU.ActiveCfg = Debug|Any CPU
		{A81BBFE7-981D-41E1-A86D-36620B7DCB2D}.Debug|Any CPU.Build.0 = Debug|Any CPU
		{A81BBFE7-981D-41E1-A86D-36620B7DCB2D}.Release|Any CPU.ActiveCfg = Release|Any CPU
		{A81BBFE7-981D-41E1-A86D-36620B7DCB2D}.Release|Any CPU.Build.0 = Release|Any CPU
		{F995AE57-695F-4412-B6B4-A608F7B13D80}.Debug|Any CPU.ActiveCfg = Debug|Any CPU
		{F995AE57-695F-4412-B6B4-A608F7B13D80}.Debug|Any CPU.Build.0 = Debug|Any CPU
		{F995AE57-695F-4412-B6B4-A608F7B13D80}.Release|Any CPU.ActiveCfg = Release|Any CPU
		{F995AE57-695F-4412-B6B4-A608F7B13D80}.Release|Any CPU.Build.0 = Release|Any CPU
		{357FB2C3-EFDB-4636-A718-28956A78D4AE}.Debug|Any CPU.ActiveCfg = Debug|Any CPU
		{357FB2C3-EFDB-4636-A718-28956A78D4AE}.Debug|Any CPU.Build.0 = Debug|Any CPU
		{357FB2C3-EFDB-4636-A718-28956A78D4AE}.Release|Any CPU.ActiveCfg = Release|Any CPU
		{357FB2C3-EFDB-4636-A718-28956A78D4AE}.Release|Any CPU.Build.0 = Release|Any CPU
		{61E51A84-BF48-4131-987B-ACCE0219984B}.Debug|Any CPU.ActiveCfg = Debug|Any CPU
		{61E51A84-BF48-4131-987B-ACCE0219984B}.Debug|Any CPU.Build.0 = Debug|Any CPU
		{61E51A84-BF48-4131-987B-ACCE0219984B}.Release|Any CPU.ActiveCfg = Release|Any CPU
		{61E51A84-BF48-4131-987B-ACCE0219984B}.Release|Any CPU.Build.0 = Release|Any CPU
	EndGlobalSection
	GlobalSection(SolutionProperties) = preSolution
		HideSolutionNode = FALSE
	EndGlobalSection
	GlobalSection(NestedProjects) = preSolution
		{A81BBFE7-981D-41E1-A86D-36620B7DCB2D} = {C4B6BD12-EEFE-44EB-A674-CFB6D0D05F68}
		{F995AE57-695F-4412-B6B4-A608F7B13D80} = {DCCDCD25-B432-4754-A92F-3A7204FA6B9F}
		{357FB2C3-EFDB-4636-A718-28956A78D4AE} = {2472ACC6-F49E-411A-80CB-49B218F37EC1}
		{61E51A84-BF48-4131-987B-ACCE0219984B} = {B32E6FA3-7C33-4984-9F5C-21FE3EFC98F4}
		{DCCDCD25-B432-4754-A92F-3A7204FA6B9F} = {AF63699D-FED2-46CA-A295-80BED0B43CC2}
		{1F3F40D2-ACCD-4D9C-BBE8-CA97AA76EC86} = {AF63699D-FED2-46CA-A295-80BED0B43CC2}
	EndGlobalSection
	GlobalSection(ExtensibilityGlobals) = postSolution
		SolutionGuid = {2B9ADCE9-C4E7-4F17-A176-E6546872760E}
	EndGlobalSection
EndGlobal
