
Microsoft Visual Studio Solution File, Format Version 12.00
# Visual Studio Version 16
VisualStudioVersion = 16.0.30204.135
MinimumVisualStudioVersion = 10.0.40219.1
Project("{FAE04EC0-301F-11D3-BF4B-00C04F79EFBC}") = "Domain", "Domain\Domain.csproj", "{A81BBFE7-981D-41E1-A86D-36620B7DCB2D}"
EndProject
Project("{FAE04EC0-301F-11D3-BF4B-00C04F79EFBC}") = "Repository", "Repository\Repository.csproj", "{F995AE57-695F-4412-B6B4-A608F7B13D80}"
EndProject
Project("{FAE04EC0-301F-11D3-BF4B-00C04F79EFBC}") = "Tests", "Tests\Tests.csproj", "{357FB2C3-EFDB-4636-A718-28956A78D4AE}"
EndProject
Global
	GlobalSection(SolutionConfigurationPlatforms) = preSolution
		Debug|Any CPU = Debug|Any CPU
		Release|Any CPU = Release|Any CPU
	EndGlobalSection
	GlobalSection(ProjectConfigurationPlatforms) = postSolution
		{A81BBFE7-981D-41E1-A86D-36620B7DCB2D}.Debug|Any CPU.ActiveCfg = Debug|Any CPU
		{A81BBFE7-981D-41E1-A86D-36620B7DCB2D}.Debug|Any CPU.Build.0 = Debug|Any CPU
		{A81BBFE7-981D-41E1-A86D-36620B7DCB2D}.Release|Any CPU.ActiveCfg = Release|Any CPU
		{A81BBFE7-981D-41E1-A86D-36620B7DCB2D}.Release|Any CPU.Build.0 = Release|Any CPU
		{F995AE57-695F-4412-B6B4-A608F7B13D80}.Debug|Any CPU.ActiveCfg = Debug|Any CPU
		{F995AE57-695F-4412-B6B4-A608F7B13D80}.Debug|Any CPU.Build.0 = Debug|Any CPU
		{F995AE57-695F-4412-B6B4-A608F7B13D80}.Release|Any CPU.ActiveCfg = Release|Any CPU
		{F995AE57-695F-4412-B6B4-A608F7B13D80}.Release|Any CPU.Build.0 = Release|Any CPU
		{357FB2C3-EFDB-4636-A718-28956A78D4AE}.Debug|Any CPU.ActiveCfg = Debug|Any CPU
		{357FB2C3-EFDB-4636-A718-28956A78D4AE}.Debug|Any CPU.Build.0 = Debug|Any CPU
		{357FB2C3-EFDB-4636-A718-28956A78D4AE}.Release|Any CPU.ActiveCfg = Release|Any CPU
		{357FB2C3-EFDB-4636-A718-28956A78D4AE}.Release|Any CPU.Build.0 = Release|Any CPU
	EndGlobalSection
	GlobalSection(SolutionProperties) = preSolution
		HideSolutionNode = FALSE
	EndGlobalSection
	GlobalSection(ExtensibilityGlobals) = postSolution
		SolutionGuid = {2B9ADCE9-C4E7-4F17-A176-E6546872760E}
	EndGlobalSection
EndGlobal
